---
path: ".gem_rbs_collection"
gems:
- name: ast
  version: '2.4'
  source:
    type: git
    name: ruby/gem_rbs_collection
    revision: 1663d48383d01e0088cf23206ef8662e48212e00
    remote: https://github.com/ruby/gem_rbs_collection.git
    repo_dir: gems
- name: fileutils
  version: '0'
  source:
    type: stdlib
- name: parser
  version: '3.2'
  source:
    type: git
    name: ruby/gem_rbs_collection
    revision: 1663d48383d01e0088cf23206ef8662e48212e00
    remote: https://github.com/ruby/gem_rbs_collection.git
    repo_dir: gems
- name: rake
  version: '13.0'
  source:
    type: git
    name: ruby/gem_rbs_collection
    revision: 1663d48383d01e0088cf23206ef8662e48212e00
    remote: https://github.com/ruby/gem_rbs_collection.git
    repo_dir: gems
gemfile_lock_path: Gemfile.lock
