---
sources:
- type: git
  name: ruby/gem_rbs_collection
  revision: 28208148c7e64a25e9b86b9723b4c3a2cef14e81
  remote: https://github.com/ruby/gem_rbs_collection.git
  repo_dir: gems
path: ".gem_rbs_collection"
gems:
- name: ast
  version: '2.4'
  source:
    type: git
    name: ruby/gem_rbs_collection
    revision: 12631190e75c631eca0908ecc8c03bcfd78c0c99
    remote: https://github.com/ruby/gem_rbs_collection.git
    repo_dir: gems
gemfile_lock_path: Gemfile.lock
